
Microsoft Visual Studio Solution File, Format Version 12.00
# Visual Studio 15
VisualStudioVersion = 15.0.28307.1082
MinimumVisualStudioVersion = 10.0.40219.1
Project("{8BC9CEB8-8B4A-11D0-8D11-00A0C91BC942}") = "ServerFramework", "ServerFramework\ServerFramework.vcxproj", "{7DAEACF6-1609-409E-8608-8BD58A8D32D3}"
EndProject
Project("{8BC9CEB8-8B4A-11D0-8D11-00A0C91BC942}") = "Service", "Service\Test.vcxproj", "{4C234A0C-66D9-4633-B40F-76CBB945B650}"
	ProjectSection(ProjectDependencies) = postProject
		{7DAEACF6-1609-409E-8608-8BD58A8D32D3} = {7DAEACF6-1609-409E-8608-8BD58A8D32D3}
	EndProjectSection
EndProject
Project("{8BC9CEB8-8B4A-11D0-8D11-00A0C91BC942}") = "Client", "Client\Client.vcxproj", "{B87628EC-88FF-4EA5-9F60-157B03E851A0}"
	ProjectSection(ProjectDependencies) = postProject
		{7DAEACF6-1609-409E-8608-8BD58A8D32D3} = {7DAEACF6-1609-409E-8608-8BD58A8D32D3}
	EndProjectSection
EndProject
Project("{8BC9CEB8-8B4A-11D0-8D11-00A0C91BC942}") = "Testing", "Testing\Testing.vcxproj", "{0B00B199-054D-4A11-8EE2-C3368EB872C5}"
	ProjectSection(ProjectDependencies) = postProject
		{7DAEACF6-1609-409E-8608-8BD58A8D32D3} = {7DAEACF6-1609-409E-8608-8BD58A8D32D3}
	EndProjectSection
EndProject
Global
	GlobalSection(SolutionConfigurationPlatforms) = preSolution
		Debug|ARM = Debug|ARM
		Debug|ARM64 = Debug|ARM64
		Debug|x64 = Debug|x64
		Debug|x86 = Debug|x86
		Release|ARM = Release|ARM
		Release|ARM64 = Release|ARM64
		Release|x64 = Release|x64
		Release|x86 = Release|x86
	EndGlobalSection
	GlobalSection(ProjectConfigurationPlatforms) = postSolution
		{7DAEACF6-1609-409E-8608-8BD58A8D32D3}.Debug|ARM.ActiveCfg = Debug|ARM
		{7DAEACF6-1609-409E-8608-8BD58A8D32D3}.Debug|ARM.Build.0 = Debug|ARM
		{7DAEACF6-1609-409E-8608-8BD58A8D32D3}.Debug|ARM.Deploy.0 = Debug|ARM
		{7DAEACF6-1609-409E-8608-8BD58A8D32D3}.Debug|ARM64.ActiveCfg = Debug|ARM64
		{7DAEACF6-1609-409E-8608-8BD58A8D32D3}.Debug|ARM64.Build.0 = Debug|ARM64
		{7DAEACF6-1609-409E-8608-8BD58A8D32D3}.Debug|ARM64.Deploy.0 = Debug|ARM64
		{7DAEACF6-1609-409E-8608-8BD58A8D32D3}.Debug|x64.ActiveCfg = Debug|x64
		{7DAEACF6-1609-409E-8608-8BD58A8D32D3}.Debug|x64.Build.0 = Debug|x64
		{7DAEACF6-1609-409E-8608-8BD58A8D32D3}.Debug|x64.Deploy.0 = Debug|x64
		{7DAEACF6-1609-409E-8608-8BD58A8D32D3}.Debug|x86.ActiveCfg = Debug|x86
		{7DAEACF6-1609-409E-8608-8BD58A8D32D3}.Debug|x86.Build.0 = Debug|x86
		{7DAEACF6-1609-409E-8608-8BD58A8D32D3}.Debug|x86.Deploy.0 = Debug|x86
		{7DAEACF6-1609-409E-8608-8BD58A8D32D3}.Release|ARM.ActiveCfg = Release|ARM
		{7DAEACF6-1609-409E-8608-8BD58A8D32D3}.Release|ARM.Build.0 = Release|ARM
		{7DAEACF6-1609-409E-8608-8BD58A8D32D3}.Release|ARM.Deploy.0 = Release|ARM
		{7DAEACF6-1609-409E-8608-8BD58A8D32D3}.Release|ARM64.ActiveCfg = Release|ARM64
		{7DAEACF6-1609-409E-8608-8BD58A8D32D3}.Release|ARM64.Build.0 = Release|ARM64
		{7DAEACF6-1609-409E-8608-8BD58A8D32D3}.Release|ARM64.Deploy.0 = Release|ARM64
		{7DAEACF6-1609-409E-8608-8BD58A8D32D3}.Release|x64.ActiveCfg = Release|x64
		{7DAEACF6-1609-409E-8608-8BD58A8D32D3}.Release|x64.Build.0 = Release|x64
		{7DAEACF6-1609-409E-8608-8BD58A8D32D3}.Release|x64.Deploy.0 = Release|x64
		{7DAEACF6-1609-409E-8608-8BD58A8D32D3}.Release|x86.ActiveCfg = Release|x86
		{7DAEACF6-1609-409E-8608-8BD58A8D32D3}.Release|x86.Build.0 = Release|x86
		{7DAEACF6-1609-409E-8608-8BD58A8D32D3}.Release|x86.Deploy.0 = Release|x86
		{4C234A0C-66D9-4633-B40F-76CBB945B650}.Debug|ARM.ActiveCfg = Debug|ARM
		{4C234A0C-66D9-4633-B40F-76CBB945B650}.Debug|ARM.Build.0 = Debug|ARM
		{4C234A0C-66D9-4633-B40F-76CBB945B650}.Debug|ARM.Deploy.0 = Debug|ARM
		{4C234A0C-66D9-4633-B40F-76CBB945B650}.Debug|ARM64.ActiveCfg = Debug|ARM64
		{4C234A0C-66D9-4633-B40F-76CBB945B650}.Debug|ARM64.Build.0 = Debug|ARM64
		{4C234A0C-66D9-4633-B40F-76CBB945B650}.Debug|ARM64.Deploy.0 = Debug|ARM64
		{4C234A0C-66D9-4633-B40F-76CBB945B650}.Debug|x64.ActiveCfg = Debug|x64
		{4C234A0C-66D9-4633-B40F-76CBB945B650}.Debug|x64.Build.0 = Debug|x64
		{4C234A0C-66D9-4633-B40F-76CBB945B650}.Debug|x64.Deploy.0 = Debug|x64
		{4C234A0C-66D9-4633-B40F-76CBB945B650}.Debug|x86.ActiveCfg = Debug|x86
		{4C234A0C-66D9-4633-B40F-76CBB945B650}.Debug|x86.Build.0 = Debug|x86
		{4C234A0C-66D9-4633-B40F-76CBB945B650}.Debug|x86.Deploy.0 = Debug|x86
		{4C234A0C-66D9-4633-B40F-76CBB945B650}.Release|ARM.ActiveCfg = Release|ARM
		{4C234A0C-66D9-4633-B40F-76CBB945B650}.Release|ARM.Build.0 = Release|ARM
		{4C234A0C-66D9-4633-B40F-76CBB945B650}.Release|ARM.Deploy.0 = Release|ARM
		{4C234A0C-66D9-4633-B40F-76CBB945B650}.Release|ARM64.ActiveCfg = Release|ARM64
		{4C234A0C-66D9-4633-B40F-76CBB945B650}.Release|ARM64.Build.0 = Release|ARM64
		{4C234A0C-66D9-4633-B40F-76CBB945B650}.Release|ARM64.Deploy.0 = Release|ARM64
		{4C234A0C-66D9-4633-B40F-76CBB945B650}.Release|x64.ActiveCfg = Release|x64
		{4C234A0C-66D9-4633-B40F-76CBB945B650}.Release|x64.Build.0 = Release|x64
		{4C234A0C-66D9-4633-B40F-76CBB945B650}.Release|x64.Deploy.0 = Release|x64
		{4C234A0C-66D9-4633-B40F-76CBB945B650}.Release|x86.ActiveCfg = Release|x86
		{4C234A0C-66D9-4633-B40F-76CBB945B650}.Release|x86.Build.0 = Release|x86
		{4C234A0C-66D9-4633-B40F-76CBB945B650}.Release|x86.Deploy.0 = Release|x86
		{B87628EC-88FF-4EA5-9F60-157B03E851A0}.Debug|ARM.ActiveCfg = Debug|ARM
		{B87628EC-88FF-4EA5-9F60-157B03E851A0}.Debug|ARM.Build.0 = Debug|ARM
		{B87628EC-88FF-4EA5-9F60-157B03E851A0}.Debug|ARM.Deploy.0 = Debug|ARM
		{B87628EC-88FF-4EA5-9F60-157B03E851A0}.Debug|ARM64.ActiveCfg = Debug|ARM64
		{B87628EC-88FF-4EA5-9F60-157B03E851A0}.Debug|ARM64.Build.0 = Debug|ARM64
		{B87628EC-88FF-4EA5-9F60-157B03E851A0}.Debug|ARM64.Deploy.0 = Debug|ARM64
		{B87628EC-88FF-4EA5-9F60-157B03E851A0}.Debug|x64.ActiveCfg = Debug|x64
		{B87628EC-88FF-4EA5-9F60-157B03E851A0}.Debug|x64.Build.0 = Debug|x64
		{B87628EC-88FF-4EA5-9F60-157B03E851A0}.Debug|x64.Deploy.0 = Debug|x64
		{B87628EC-88FF-4EA5-9F60-157B03E851A0}.Debug|x86.ActiveCfg = Debug|x86
		{B87628EC-88FF-4EA5-9F60-157B03E851A0}.Debug|x86.Build.0 = Debug|x86
		{B87628EC-88FF-4EA5-9F60-157B03E851A0}.Debug|x86.Deploy.0 = Debug|x86
		{B87628EC-88FF-4EA5-9F60-157B03E851A0}.Release|ARM.ActiveCfg = Release|ARM
		{B87628EC-88FF-4EA5-9F60-157B03E851A0}.Release|ARM.Build.0 = Release|ARM
		{B87628EC-88FF-4EA5-9F60-157B03E851A0}.Release|ARM.Deploy.0 = Release|ARM
		{B87628EC-88FF-4EA5-9F60-157B03E851A0}.Release|ARM64.ActiveCfg = Release|ARM64
		{B87628EC-88FF-4EA5-9F60-157B03E851A0}.Release|ARM64.Build.0 = Release|ARM64
		{B87628EC-88FF-4EA5-9F60-157B03E851A0}.Release|ARM64.Deploy.0 = Release|ARM64
		{B87628EC-88FF-4EA5-9F60-157B03E851A0}.Release|x64.ActiveCfg = Release|x64
		{B87628EC-88FF-4EA5-9F60-157B03E851A0}.Release|x64.Build.0 = Release|x64
		{B87628EC-88FF-4EA5-9F60-157B03E851A0}.Release|x64.Deploy.0 = Release|x64
		{B87628EC-88FF-4EA5-9F60-157B03E851A0}.Release|x86.ActiveCfg = Release|x86
		{B87628EC-88FF-4EA5-9F60-157B03E851A0}.Release|x86.Build.0 = Release|x86
		{B87628EC-88FF-4EA5-9F60-157B03E851A0}.Release|x86.Deploy.0 = Release|x86
		{0B00B199-054D-4A11-8EE2-C3368EB872C5}.Debug|ARM.ActiveCfg = Debug|ARM
		{0B00B199-054D-4A11-8EE2-C3368EB872C5}.Debug|ARM.Build.0 = Debug|ARM
		{0B00B199-054D-4A11-8EE2-C3368EB872C5}.Debug|ARM64.ActiveCfg = Debug|ARM64
		{0B00B199-054D-4A11-8EE2-C3368EB872C5}.Debug|ARM64.Build.0 = Debug|ARM64
		{0B00B199-054D-4A11-8EE2-C3368EB872C5}.Debug|x64.ActiveCfg = Debug|x64
		{0B00B199-054D-4A11-8EE2-C3368EB872C5}.Debug|x64.Build.0 = Debug|x64
		{0B00B199-054D-4A11-8EE2-C3368EB872C5}.Debug|x86.ActiveCfg = Debug|x86
		{0B00B199-054D-4A11-8EE2-C3368EB872C5}.Debug|x86.Build.0 = Debug|x86
		{0B00B199-054D-4A11-8EE2-C3368EB872C5}.Release|ARM.ActiveCfg = Release|ARM
		{0B00B199-054D-4A11-8EE2-C3368EB872C5}.Release|ARM.Build.0 = Release|ARM
		{0B00B199-054D-4A11-8EE2-C3368EB872C5}.Release|ARM64.ActiveCfg = Release|ARM64
		{0B00B199-054D-4A11-8EE2-C3368EB872C5}.Release|ARM64.Build.0 = Release|ARM64
		{0B00B199-054D-4A11-8EE2-C3368EB872C5}.Release|x64.ActiveCfg = Release|x64
		{0B00B199-054D-4A11-8EE2-C3368EB872C5}.Release|x64.Build.0 = Release|x64
		{0B00B199-054D-4A11-8EE2-C3368EB872C5}.Release|x86.ActiveCfg = Release|x86
		{0B00B199-054D-4A11-8EE2-C3368EB872C5}.Release|x86.Build.0 = Release|x86
	EndGlobalSection
	GlobalSection(SolutionProperties) = preSolution
		HideSolutionNode = FALSE
	EndGlobalSection
	GlobalSection(ExtensibilityGlobals) = postSolution
		SolutionGuid = {867F7C02-6ECA-4447-AD53-E94A23AD7B9C}
	EndGlobalSection
EndGlobal
